
Microsoft Visual Studio Solution File, Format Version 12.00
# Visual Studio Version 17
VisualStudioVersion = 17.0.31903.59
MinimumVisualStudioVersion = 10.0.40219.1
Project("{2150E333-8FDC-42A3-9474-1A3956D46DE8}") = "src", "src", "{827E0CD3-B72D-47B6-A68D-7590B98EB39B}"
EndProject
Project("{FAE04EC0-301F-11D3-BF4B-00C04F79EFBC}") = "DotnetDebugger.Adapter", "src\DotnetDebugger.Adapter\DotnetDebugger.Adapter.csproj", "{EE0A3FBE-178E-4C29-BC0B-A6595BCB977C}"
EndProject
Project("{FAE04EC0-301F-11D3-BF4B-00C04F79EFBC}") = "DotnetDebugger.Engine", "src\DotnetDebugger.Engine\DotnetDebugger.Engine.csproj", "{B1A66DC1-E488-45F4-92FF-D8214AA1F45C}"
EndProject
Project("{FAE04EC0-301F-11D3-BF4B-00C04F79EFBC}") = "DotnetDebugger.Protocol", "src\DotnetDebugger.Protocol\DotnetDebugger.Protocol.csproj", "{43B8FA8D-8406-4232-9245-1FD9062FB4C9}"
EndProject
Project("{FAE04EC0-301F-11D3-BF4B-00C04F79EFBC}") = "DotnetDebugger.Tests", "tests\DotnetDebugger.Tests\DotnetDebugger.Tests.csproj", "{8DC545E4-C7A3-4E4D-9230-CD2CF8D2EB3E}"
EndProject
Project("{FAE04EC0-301F-11D3-BF4B-00C04F79EFBC}") = "TestApp", "tests\TestApp\TestApp.csproj", "{657D1A6A-1582-4C05-90CC-5050AF145DDE}"
EndProject
Project("{2150E333-8FDC-42A3-9474-1A3956D46DE8}") = "tests", "tests", "{0AB3BF05-4346-4AA6-1389-037BE0695223}"
EndProject
Project("{FAE04EC0-301F-11D3-BF4B-00C04F79EFBC}") = "EmbeddedApp", "tests\EmbeddedApp\EmbeddedApp.csproj", "{98BECDDF-68A2-494C-99F9-2D66AC50580F}"
EndProject
Project("{FAE04EC0-301F-11D3-BF4B-00C04F79EFBC}") = "SymbolLib", "tests\SymbolLib\SymbolLib.csproj", "{770EA0B3-E4FA-438B-A7D7-A4A7D5AE5EC5}"
EndProject
Project("{FAE04EC0-301F-11D3-BF4B-00C04F79EFBC}") = "SymbolApp", "tests\SymbolApp\SymbolApp.csproj", "{916D521E-5B89-43A1-ABDA-4E483E54F7CF}"
EndProject
Project("{FAE04EC0-301F-11D3-BF4B-00C04F79EFBC}") = "AsyncMainApp", "tests\AsyncMainApp\AsyncMainApp.csproj", "{0AF746FE-2377-4963-B9DA-FACF13DB046F}"
EndProject
Global
	GlobalSection(SolutionConfigurationPlatforms) = preSolution
		Debug|Any CPU = Debug|Any CPU
		Debug|x64 = Debug|x64
		Debug|x86 = Debug|x86
		Release|Any CPU = Release|Any CPU
		Release|x64 = Release|x64
		Release|x86 = Release|x86
	EndGlobalSection
	GlobalSection(ProjectConfigurationPlatforms) = postSolution
		{EE0A3FBE-178E-4C29-BC0B-A6595BCB977C}.Debug|Any CPU.ActiveCfg = Debug|Any CPU
		{EE0A3FBE-178E-4C29-BC0B-A6595BCB977C}.Debug|Any CPU.Build.0 = Debug|Any CPU
		{EE0A3FBE-178E-4C29-BC0B-A6595BCB977C}.Debug|x64.ActiveCfg = Debug|Any CPU
		{EE0A3FBE-178E-4C29-BC0B-A6595BCB977C}.Debug|x64.Build.0 = Debug|Any CPU
		{EE0A3FBE-178E-4C29-BC0B-A6595BCB977C}.Debug|x86.ActiveCfg = Debug|Any CPU
		{EE0A3FBE-178E-4C29-BC0B-A6595BCB977C}.Debug|x86.Build.0 = Debug|Any CPU
		{EE0A3FBE-178E-4C29-BC0B-A6595BCB977C}.Release|Any CPU.ActiveCfg = Release|Any CPU
		{EE0A3FBE-178E-4C29-BC0B-A6595BCB977C}.Release|Any CPU.Build.0 = Release|Any CPU
		{EE0A3FBE-178E-4C29-BC0B-A6595BCB977C}.Release|x64.ActiveCfg = Release|Any CPU
		{EE0A3FBE-178E-4C29-BC0B-A6595BCB977C}.Release|x64.Build.0 = Release|Any CPU
		{EE0A3FBE-178E-4C29-BC0B-A6595BCB977C}.Release|x86.ActiveCfg = Release|Any CPU
		{EE0A3FBE-178E-4C29-BC0B-A6595BCB977C}.Release|x86.Build.0 = Release|Any CPU
		{B1A66DC1-E488-45F4-92FF-D8214AA1F45C}.Debug|Any CPU.ActiveCfg = Debug|Any CPU
		{B1A66DC1-E488-45F4-92FF-D8214AA1F45C}.Debug|Any CPU.Build.0 = Debug|Any CPU
		{B1A66DC1-E488-45F4-92FF-D8214AA1F45C}.Debug|x64.ActiveCfg = Debug|Any CPU
		{B1A66DC1-E488-45F4-92FF-D8214AA1F45C}.Debug|x64.Build.0 = Debug|Any CPU
		{B1A66DC1-E488-45F4-92FF-D8214AA1F45C}.Debug|x86.ActiveCfg = Debug|Any CPU
		{B1A66DC1-E488-45F4-92FF-D8214AA1F45C}.Debug|x86.Build.0 = Debug|Any CPU
		{B1A66DC1-E488-45F4-92FF-D8214AA1F45C}.Release|Any CPU.ActiveCfg = Release|Any CPU
		{B1A66DC1-E488-45F4-92FF-D8214AA1F45C}.Release|Any CPU.Build.0 = Release|Any CPU
		{B1A66DC1-E488-45F4-92FF-D8214AA1F45C}.Release|x64.ActiveCfg = Release|Any CPU
		{B1A66DC1-E488-45F4-92FF-D8214AA1F45C}.Release|x64.Build.0 = Release|Any CPU
		{B1A66DC1-E488-45F4-92FF-D8214AA1F45C}.Release|x86.ActiveCfg = Release|Any CPU
		{B1A66DC1-E488-45F4-92FF-D8214AA1F45C}.Release|x86.Build.0 = Release|Any CPU
		{43B8FA8D-8406-4232-9245-1FD9062FB4C9}.Debug|Any CPU.ActiveCfg = Debug|Any CPU
		{43B8FA8D-8406-4232-9245-1FD9062FB4C9}.Debug|Any CPU.Build.0 = Debug|Any CPU
		{43B8FA8D-8406-4232-9245-1FD9062FB4C9}.Debug|x64.ActiveCfg = Debug|Any CPU
		{43B8FA8D-8406-4232-9245-1FD9062FB4C9}.Debug|x64.Build.0 = Debug|Any CPU
		{43B8FA8D-8406-4232-9245-1FD9062FB4C9}.Debug|x86.ActiveCfg = Debug|Any CPU
		{43B8FA8D-8406-4232-9245-1FD9062FB4C9}.Debug|x86.Build.0 = Debug|Any CPU
		{43B8FA8D-8406-4232-9245-1FD9062FB4C9}.Release|Any CPU.ActiveCfg = Release|Any CPU
		{43B8FA8D-8406-4232-9245-1FD9062FB4C9}.Release|Any CPU.Build.0 = Release|Any CPU
		{43B8FA8D-8406-4232-9245-1FD9062FB4C9}.Release|x64.ActiveCfg = Release|Any CPU
		{43B8FA8D-8406-4232-9245-1FD9062FB4C9}.Release|x64.Build.0 = Release|Any CPU
		{43B8FA8D-8406-4232-9245-1FD9062FB4C9}.Release|x86.ActiveCfg = Release|Any CPU
		{43B8FA8D-8406-4232-9245-1FD9062FB4C9}.Release|x86.Build.0 = Release|Any CPU
		{8DC545E4-C7A3-4E4D-9230-CD2CF8D2EB3E}.Debug|Any CPU.ActiveCfg = Debug|Any CPU
		{8DC545E4-C7A3-4E4D-9230-CD2CF8D2EB3E}.Debug|Any CPU.Build.0 = Debug|Any CPU
		{8DC545E4-C7A3-4E4D-9230-CD2CF8D2EB3E}.Debug|x64.ActiveCfg = Debug|Any CPU
		{8DC545E4-C7A3-4E4D-9230-CD2CF8D2EB3E}.Debug|x64.Build.0 = Debug|Any CPU
		{8DC545E4-C7A3-4E4D-9230-CD2CF8D2EB3E}.Debug|x86.ActiveCfg = Debug|Any CPU
		{8DC545E4-C7A3-4E4D-9230-CD2CF8D2EB3E}.Debug|x86.Build.0 = Debug|Any CPU
		{8DC545E4-C7A3-4E4D-9230-CD2CF8D2EB3E}.Release|Any CPU.ActiveCfg = Release|Any CPU
		{8DC545E4-C7A3-4E4D-9230-CD2CF8D2EB3E}.Release|Any CPU.Build.0 = Release|Any CPU
		{8DC545E4-C7A3-4E4D-9230-CD2CF8D2EB3E}.Release|x64.ActiveCfg = Release|Any CPU
		{8DC545E4-C7A3-4E4D-9230-CD2CF8D2EB3E}.Release|x64.Build.0 = Release|Any CPU
		{8DC545E4-C7A3-4E4D-9230-CD2CF8D2EB3E}.Release|x86.ActiveCfg = Release|Any CPU
		{8DC545E4-C7A3-4E4D-9230-CD2CF8D2EB3E}.Release|x86.Build.0 = Release|Any CPU
		{657D1A6A-1582-4C05-90CC-5050AF145DDE}.Debug|Any CPU.ActiveCfg = Debug|Any CPU
		{657D1A6A-1582-4C05-90CC-5050AF145DDE}.Debug|Any CPU.Build.0 = Debug|Any CPU
		{657D1A6A-1582-4C05-90CC-5050AF145DDE}.Debug|x64.ActiveCfg = Debug|Any CPU
		{657D1A6A-1582-4C05-90CC-5050AF145DDE}.Debug|x64.Build.0 = Debug|Any CPU
		{657D1A6A-1582-4C05-90CC-5050AF145DDE}.Debug|x86.ActiveCfg = Debug|Any CPU
		{657D1A6A-1582-4C05-90CC-5050AF145DDE}.Debug|x86.Build.0 = Debug|Any CPU
		{657D1A6A-1582-4C05-90CC-5050AF145DDE}.Release|Any CPU.ActiveCfg = Release|Any CPU
		{657D1A6A-1582-4C05-90CC-5050AF145DDE}.Release|Any CPU.Build.0 = Release|Any CPU
		{657D1A6A-1582-4C05-90CC-5050AF145DDE}.Release|x64.ActiveCfg = Release|Any CPU
		{657D1A6A-1582-4C05-90CC-5050AF145DDE}.Release|x64.Build.0 = Release|Any CPU
		{657D1A6A-1582-4C05-90CC-5050AF145DDE}.Release|x86.ActiveCfg = Release|Any CPU
		{657D1A6A-1582-4C05-90CC-5050AF145DDE}.Release|x86.Build.0 = Release|Any CPU
		{98BECDDF-68A2-494C-99F9-2D66AC50580F}.Debug|Any CPU.ActiveCfg = Debug|Any CPU
		{98BECDDF-68A2-494C-99F9-2D66AC50580F}.Debug|Any CPU.Build.0 = Debug|Any CPU
		{98BECDDF-68A2-494C-99F9-2D66AC50580F}.Debug|x64.ActiveCfg = Debug|Any CPU
		{98BECDDF-68A2-494C-99F9-2D66AC50580F}.Debug|x64.Build.0 = Debug|Any CPU
		{98BECDDF-68A2-494C-99F9-2D66AC50580F}.Debug|x86.ActiveCfg = Debug|Any CPU
		{98BECDDF-68A2-494C-99F9-2D66AC50580F}.Debug|x86.Build.0 = Debug|Any CPU
		{98BECDDF-68A2-494C-99F9-2D66AC50580F}.Release|Any CPU.ActiveCfg = Release|Any CPU
		{98BECDDF-68A2-494C-99F9-2D66AC50580F}.Release|Any CPU.Build.0 = Release|Any CPU
		{98BECDDF-68A2-494C-99F9-2D66AC50580F}.Release|x64.ActiveCfg = Release|Any CPU
		{98BECDDF-68A2-494C-99F9-2D66AC50580F}.Release|x64.Build.0 = Release|Any CPU
		{98BECDDF-68A2-494C-99F9-2D66AC50580F}.Release|x86.ActiveCfg = Release|Any CPU
		{98BECDDF-68A2-494C-99F9-2D66AC50580F}.Release|x86.Build.0 = Release|Any CPU
		{770EA0B3-E4FA-438B-A7D7-A4A7D5AE5EC5}.Debug|Any CPU.ActiveCfg = Debug|Any CPU
		{770EA0B3-E4FA-438B-A7D7-A4A7D5AE5EC5}.Debug|Any CPU.Build.0 = Debug|Any CPU
		{770EA0B3-E4FA-438B-A7D7-A4A7D5AE5EC5}.Debug|x64.ActiveCfg = Debug|Any CPU
		{770EA0B3-E4FA-438B-A7D7-A4A7D5AE5EC5}.Debug|x64.Build.0 = Debug|Any CPU
		{770EA0B3-E4FA-438B-A7D7-A4A7D5AE5EC5}.Debug|x86.ActiveCfg = Debug|Any CPU
		{770EA0B3-E4FA-438B-A7D7-A4A7D5AE5EC5}.Debug|x86.Build.0 = Debug|Any CPU
		{770EA0B3-E4FA-438B-A7D7-A4A7D5AE5EC5}.Release|Any CPU.ActiveCfg = Release|Any CPU
		{770EA0B3-E4FA-438B-A7D7-A4A7D5AE5EC5}.Release|Any CPU.Build.0 = Release|Any CPU
		{770EA0B3-E4FA-438B-A7D7-A4A7D5AE5EC5}.Release|x64.ActiveCfg = Release|Any CPU
		{770EA0B3-E4FA-438B-A7D7-A4A7D5AE5EC5}.Release|x64.Build.0 = Release|Any CPU
		{770EA0B3-E4FA-438B-A7D7-A4A7D5AE5EC5}.Release|x86.ActiveCfg = Release|Any CPU
		{770EA0B3-E4FA-438B-A7D7-A4A7D5AE5EC5}.Release|x86.Build.0 = Release|Any CPU
		{916D521E-5B89-43A1-ABDA-4E483E54F7CF}.Debug|Any CPU.ActiveCfg = Debug|Any CPU
		{916D521E-5B89-43A1-ABDA-4E483E54F7CF}.Debug|Any CPU.Build.0 = Debug|Any CPU
		{916D521E-5B89-43A1-ABDA-4E483E54F7CF}.Debug|x64.ActiveCfg = Debug|Any CPU
		{916D521E-5B89-43A1-ABDA-4E483E54F7CF}.Debug|x64.Build.0 = Debug|Any CPU
		{916D521E-5B89-43A1-ABDA-4E483E54F7CF}.Debug|x86.ActiveCfg = Debug|Any CPU
		{916D521E-5B89-43A1-ABDA-4E483E54F7CF}.Debug|x86.Build.0 = Debug|Any CPU
		{916D521E-5B89-43A1-ABDA-4E483E54F7CF}.Release|Any CPU.ActiveCfg = Release|Any CPU
		{916D521E-5B89-43A1-ABDA-4E483E54F7CF}.Release|Any CPU.Build.0 = Release|Any CPU
		{916D521E-5B89-43A1-ABDA-4E483E54F7CF}.Release|x64.ActiveCfg = Release|Any CPU
		{916D521E-5B89-43A1-ABDA-4E483E54F7CF}.Release|x64.Build.0 = Release|Any CPU
		{916D521E-5B89-43A1-ABDA-4E483E54F7CF}.Release|x86.ActiveCfg = Release|Any CPU
		{916D521E-5B89-43A1-ABDA-4E483E54F7CF}.Release|x86.Build.0 = Release|Any CPU
		{0AF746FE-2377-4963-B9DA-FACF13DB046F}.Debug|Any CPU.ActiveCfg = Debug|Any CPU
		{0AF746FE-2377-4963-B9DA-FACF13DB046F}.Debug|Any CPU.Build.0 = Debug|Any CPU
		{0AF746FE-2377-4963-B9DA-FACF13DB046F}.Debug|x64.ActiveCfg = Debug|Any CPU
		{0AF746FE-2377-4963-B9DA-FACF13DB046F}.Debug|x64.Build.0 = Debug|Any CPU
		{0AF746FE-2377-4963-B9DA-FACF13DB046F}.Debug|x86.ActiveCfg = Debug|Any CPU
		{0AF746FE-2377-4963-B9DA-FACF13DB046F}.Debug|x86.Build.0 = Debug|Any CPU
		{0AF746FE-2377-4963-B9DA-FACF13DB046F}.Release|Any CPU.ActiveCfg = Release|Any CPU
		{0AF746FE-2377-4963-B9DA-FACF13DB046F}.Release|Any CPU.Build.0 = Release|Any CPU
		{0AF746FE-2377-4963-B9DA-FACF13DB046F}.Release|x64.ActiveCfg = Release|Any CPU
		{0AF746FE-2377-4963-B9DA-FACF13DB046F}.Release|x64.Build.0 = Release|Any CPU
		{0AF746FE-2377-4963-B9DA-FACF13DB046F}.Release|x86.ActiveCfg = Release|Any CPU
		{0AF746FE-2377-4963-B9DA-FACF13DB046F}.Release|x86.Build.0 = Release|Any CPU
	EndGlobalSection
	GlobalSection(SolutionProperties) = preSolution
		HideSolutionNode = FALSE
	EndGlobalSection
	GlobalSection(NestedProjects) = preSolution
		{EE0A3FBE-178E-4C29-BC0B-A6595BCB977C} = {827E0CD3-B72D-47B6-A68D-7590B98EB39B}
		{B1A66DC1-E488-45F4-92FF-D8214AA1F45C} = {827E0CD3-B72D-47B6-A68D-7590B98EB39B}
		{43B8FA8D-8406-4232-9245-1FD9062FB4C9} = {827E0CD3-B72D-47B6-A68D-7590B98EB39B}
		{8DC545E4-C7A3-4E4D-9230-CD2CF8D2EB3E} = {827E0CD3-B72D-47B6-A68D-7590B98EB39B}
		{657D1A6A-1582-4C05-90CC-5050AF145DDE} = {827E0CD3-B72D-47B6-A68D-7590B98EB39B}
		{98BECDDF-68A2-494C-99F9-2D66AC50580F} = {0AB3BF05-4346-4AA6-1389-037BE0695223}
		{770EA0B3-E4FA-438B-A7D7-A4A7D5AE5EC5} = {0AB3BF05-4346-4AA6-1389-037BE0695223}
		{916D521E-5B89-43A1-ABDA-4E483E54F7CF} = {0AB3BF05-4346-4AA6-1389-037BE0695223}
		{0AF746FE-2377-4963-B9DA-FACF13DB046F} = {0AB3BF05-4346-4AA6-1389-037BE0695223}
	EndGlobalSection
EndGlobal
